
Microsoft Visual Studio Solution File, Format Version 12.00
# Visual Studio 14
VisualStudioVersion = 14.0.25123.0
MinimumVisualStudioVersion = 10.0.40219.1
Project("{FAE04EC0-301F-11D3-BF4B-00C04F79EFBC}") = "DuplicateFinder", "DuplicateFinder\DuplicateFinder.csproj", "{AB7053F1-0ADF-4760-8275-2013303DA6C7}"
EndProject
Project("{FAE04EC0-301F-11D3-BF4B-00C04F79EFBC}") = "DuplicateFinderUnitTests", "DuplicateFinderUnitTests\DuplicateFinderUnitTests.csproj", "{D18AB7A1-88E3-47AE-BEF3-B03E56154889}"
EndProject
Global
	GlobalSection(SolutionConfigurationPlatforms) = preSolution
		Debug|Any CPU = Debug|Any CPU
		Release|Any CPU = Release|Any CPU
	EndGlobalSection
	GlobalSection(ProjectConfigurationPlatforms) = postSolution
		{AB7053F1-0ADF-4760-8275-2013303DA6C7}.Debug|Any CPU.ActiveCfg = Debug|Any CPU
		{AB7053F1-0ADF-4760-8275-2013303DA6C7}.Debug|Any CPU.Build.0 = Debug|Any CPU
		{AB7053F1-0ADF-4760-8275-2013303DA6C7}.Release|Any CPU.ActiveCfg = Release|Any CPU
		{AB7053F1-0ADF-4760-8275-2013303DA6C7}.Release|Any CPU.Build.0 = Release|Any CPU
		{D18AB7A1-88E3-47AE-BEF3-B03E56154889}.Debug|Any CPU.ActiveCfg = Debug|Any CPU
		{D18AB7A1-88E3-47AE-BEF3-B03E56154889}.Debug|Any CPU.Build.0 = Debug|Any CPU
		{D18AB7A1-88E3-47AE-BEF3-B03E56154889}.Release|Any CPU.ActiveCfg = Release|Any CPU
		{D18AB7A1-88E3-47AE-BEF3-B03E56154889}.Release|Any CPU.Build.0 = Release|Any CPU
	EndGlobalSection
	GlobalSection(SolutionProperties) = preSolution
		HideSolutionNode = FALSE
	EndGlobalSection
EndGlobal
